Microsoft Visual Studio Solution File, Format Version 12.00
# Visual Studio Express 2012 for Windows Desktop
Project("{8BC9CEB8-8B4A-11D0-8D11-00A0C91BC942}") = "xsys", "xsys.vcxproj", "{2CE92440-A3D2-4ADD-BCFD-A9D46E786ACE}"
EndProject
Project("{8BC9CEB8-8B4A-11D0-8D11-00A0C91BC942}") = "sqlite3", "..\import\sqlite\sqlite3\sqlite3.vcxproj", "{2975E1CF-7857-4A48-97ED-E49834C356B4}"
EndProject
Project("{8BC9CEB8-8B4A-11D0-8D11-00A0C91BC942}") = "sqlite3_dll", "..\import\sqlite\sqlite3_dll\sqlite3_dll.vcxproj", "{114561EF-50CB-430F-99A1-41DC36AC9B23}"
EndProject
Project("{8BC9CEB8-8B4A-11D0-8D11-00A0C91BC942}") = "xtelnet", "xtelnet\xtelnet.vcxproj", "{0372EB63-B85B-4069-9117-D9BEDE3044D5}"
EndProject
Project("{8BC9CEB8-8B4A-11D0-8D11-00A0C91BC942}") = "tcp_test", "tcp_test\tcp_test.vcxproj", "{22E1DDBC-C8C3-4274-8695-19DCDE5B38A7}"
EndProject
Project("{8BC9CEB8-8B4A-11D0-8D11-00A0C91BC942}") = "ps_monitor", "ps_monitor\ps_monitor.vcxproj", "{424A6186-0969-4E91-A79B-C72045D24EB4}"
EndProject
Project("{8BC9CEB8-8B4A-11D0-8D11-00A0C91BC942}") = "udp_server_test", "udp_server_test\udp_server_test.vcxproj", "{EDD64F89-9A5D-4ABC-BBED-7203DDEEC651}"
EndProject
Global
	GlobalSection(SolutionConfigurationPlatforms) = preSolution
		Debug|Win32 = Debug|Win32
		Release|Win32 = Release|Win32
	EndGlobalSection
	GlobalSection(ProjectConfigurationPlatforms) = postSolution
		{2CE92440-A3D2-4ADD-BCFD-A9D46E786ACE}.Debug|Win32.ActiveCfg = Debug|Win32
		{2CE92440-A3D2-4ADD-BCFD-A9D46E786ACE}.Release|Win32.ActiveCfg = Release|Win32
		{2975E1CF-7857-4A48-97ED-E49834C356B4}.Debug|Win32.ActiveCfg = Debug|Win32
		{2975E1CF-7857-4A48-97ED-E49834C356B4}.Debug|Win32.Build.0 = Debug|Win32
		{2975E1CF-7857-4A48-97ED-E49834C356B4}.Release|Win32.ActiveCfg = Release|Win32
		{114561EF-50CB-430F-99A1-41DC36AC9B23}.Debug|Win32.ActiveCfg = Debug|Win32
		{114561EF-50CB-430F-99A1-41DC36AC9B23}.Debug|Win32.Build.0 = Debug|Win32
		{114561EF-50CB-430F-99A1-41DC36AC9B23}.Release|Win32.ActiveCfg = Release|Win32
		{0372EB63-B85B-4069-9117-D9BEDE3044D5}.Debug|Win32.ActiveCfg = Debug|Win32
		{0372EB63-B85B-4069-9117-D9BEDE3044D5}.Debug|Win32.Build.0 = Debug|Win32
		{0372EB63-B85B-4069-9117-D9BEDE3044D5}.Release|Win32.ActiveCfg = Release|Win32
		{0372EB63-B85B-4069-9117-D9BEDE3044D5}.Release|Win32.Build.0 = Release|Win32
		{22E1DDBC-C8C3-4274-8695-19DCDE5B38A7}.Debug|Win32.ActiveCfg = Debug|Win32
		{22E1DDBC-C8C3-4274-8695-19DCDE5B38A7}.Debug|Win32.Build.0 = Debug|Win32
		{22E1DDBC-C8C3-4274-8695-19DCDE5B38A7}.Release|Win32.ActiveCfg = Release|Win32
		{424A6186-0969-4E91-A79B-C72045D24EB4}.Debug|Win32.ActiveCfg = Debug|Win32
		{424A6186-0969-4E91-A79B-C72045D24EB4}.Debug|Win32.Build.0 = Debug|Win32
		{424A6186-0969-4E91-A79B-C72045D24EB4}.Release|Win32.ActiveCfg = Release|Win32
		{424A6186-0969-4E91-A79B-C72045D24EB4}.Release|Win32.Build.0 = Release|Win32
		{EDD64F89-9A5D-4ABC-BBED-7203DDEEC651}.Debug|Win32.ActiveCfg = Debug|Win32
		{EDD64F89-9A5D-4ABC-BBED-7203DDEEC651}.Debug|Win32.Build.0 = Debug|Win32
		{EDD64F89-9A5D-4ABC-BBED-7203DDEEC651}.Release|Win32.ActiveCfg = Release|Win32
		{EDD64F89-9A5D-4ABC-BBED-7203DDEEC651}.Release|Win32.Build.0 = Release|Win32
	EndGlobalSection
	GlobalSection(SolutionProperties) = preSolution
		HideSolutionNode = FALSE
	EndGlobalSection
EndGlobal
